// !$*UTF8*$!
{
	archiveVersion = 1;
	classes = {
	};
	objectVersion = 46;
	objects = {

/* Begin PBXBuildFile section */
		63B43F1F1DC35A2C0081B544 /* 1.png in Resources */ = {isa = PBXBuildFile; fileRef = 63B43F1B1DC35A2C0081B544 /* 1.png */; };
		63B43F201DC35A2C0081B544 /* UIImageView+DJXWebImage.m in Sources */ = {isa = PBXBuildFile; fileRef = 63B43F1D1DC35A2C0081B544 /* UIImageView+DJXWebImage.m */; };
		63B43F241DC35A630081B544 /* DJXScrollView.m in Sources */ = {isa = PBXBuildFile; fileRef = 63B43F231DC35A630081B544 /* DJXScrollView.m */; };
		63BF5B4C1B4CBEE3000661F9 /* main.m in Sources */ = {isa = PBXBuildFile; fileRef = 63BF5B4B1B4CBEE3000661F9 /* main.m */; };
		63BF5B4F1B4CBEE3000661F9 /* AppDelegate.m in Sources */ = {isa = PBXBuildFile; fileRef = 63BF5B4E1B4CBEE3000661F9 /* AppDelegate.m */; };
		63BF5B521B4CBEE3000661F9 /* UMScrollImageDemo.xcdatamodeld in Sources */ = {isa = PBXBuildFile; fileRef = 63BF5B501B4CBEE3000661F9 /* UMScrollImageDemo.xcdatamodeld */; };
		63BF5B551B4CBEE3000661F9 /* ViewController.m in Sources */ = {isa = PBXBuildFile; fileRef = 63BF5B541B4CBEE3000661F9 /* ViewController.m */; };
		63BF5B581B4CBEE3000661F9 /* Main.storyboard in Resources */ = {isa = PBXBuildFile; fileRef = 63BF5B561B4CBEE3000661F9 /* Main.storyboard */; };
		63BF5B5A1B4CBEE3000661F9 /* Images.xcassets in Resources */ = {isa = PBXBuildFile; fileRef = 63BF5B591B4CBEE3000661F9 /* Images.xcassets */; };
		63BF5B5D1B4CBEE3000661F9 /* LaunchScreen.xib in Resources */ = {isa = PBXBuildFile; fileRef = 63BF5B5B1B4CBEE3000661F9 /* LaunchScreen.xib */; };
		63BF5B691B4CBEE3000661F9 /* UMScrollImageDemoTests.m in Sources */ = {isa = PBXBuildFile; fileRef = 63BF5B681B4CBEE3000661F9 /* UMScrollImageDemoTests.m */; };
/* End PBXBuildFile section */

/* Begin PBXContainerItemProxy section */
		63BF5B631B4CBEE3000661F9 /* PBXContainerItemProxy */ = {
			isa = PBXContainerItemProxy;
			containerPortal = 63BF5B3E1B4CBEE3000661F9 /* Project object */;
			proxyType = 1;
			remoteGlobalIDString = 63BF5B451B4CBEE3000661F9;
			remoteInfo = UMScrollImageDemo;
		};
/* End PBXContainerItemProxy section */

/* Begin PBXFileReference section */
		63B43F1B1DC35A2C0081B544 /* 1.png */ = {isa = PBXFileReference; lastKnownFileType = image.png; path = 1.png; sourceTree = "<group>"; };
		63B43F1C1DC35A2C0081B544 /* UIImageView+DJXWebImage.h */ = {isa = PBXFileReference; fileEncoding = 4; lastKnownFileType = sourcecode.c.h; path = "UIImageView+DJXWebImage.h"; sourceTree = "<group>"; };
		63B43F1D1DC35A2C0081B544 /* UIImageView+DJXWebImage.m */ = {isa = PBXFileReference; fileEncoding = 4; lastKnownFileType = sourcecode.c.objc; path = "UIImageView+DJXWebImage.m"; sourceTree = "<group>"; };
		63B43F221DC35A630081B544 /* DJXScrollView.h */ = {isa = PBXFileReference; fileEncoding = 4; lastKnownFileType = sourcecode.c.h; path = DJXScrollView.h; sourceTree = "<group>"; };
		63B43F231DC35A630081B544 /* DJXScrollView.m */ = {isa = PBXFileReference; fileEncoding = 4; lastKnownFileType = sourcecode.c.objc; path = DJXScrollView.m; sourceTree = "<group>"; };
		63BF5B461B4CBEE3000661F9 /* UMScrollImageDemo.app */ = {isa = PBXFileReference; explicitFileType = wrapper.application; includeInIndex = 0; path = UMScrollImageDemo.app; sourceTree = BUILT_PRODUCTS_DIR; };
		63BF5B4A1B4CBEE3000661F9 /* Info.plist */ = {isa = PBXFileReference; lastKnownFileType = text.plist.xml; path = Info.plist; sourceTree = "<group>"; };
		63BF5B4B1B4CBEE3000661F9 /* main.m */ = {isa = PBXFileReference; lastKnownFileType = sourcecode.c.objc; path = main.m; sourceTree = "<group>"; };
		63BF5B4D1B4CBEE3000661F9 /* AppDelegate.h */ = {isa = PBXFileReference; lastKnownFileType = sourcecode.c.h; path = AppDelegate.h; sourceTree = "<group>"; };
		63BF5B4E1B4CBEE3000661F9 /* AppDelegate.m */ = {isa = PBXFileReference; lastKnownFileType = sourcecode.c.objc; path = AppDelegate.m; sourceTree = "<group>"; };
		63BF5B511B4CBEE3000661F9 /* UMScrollImageDemo.xcdatamodel */ = {isa = PBXFileReference; lastKnownFileType = wrapper.xcdatamodel; path = UMScrollImageDemo.xcdatamodel; sourceTree = "<group>"; };
		63BF5B531B4CBEE3000661F9 /* ViewController.h */ = {isa = PBXFileReference; lastKnownFileType = sourcecode.c.h; path = ViewController.h; sourceTree = "<group>"; };
		63BF5B541B4CBEE3000661F9 /* ViewController.m */ = {isa = PBXFileReference; lastKnownFileType = sourcecode.c.objc; path = ViewController.m; sourceTree = "<group>"; };
		63BF5B571B4CBEE3000661F9 /* Base */ = {isa = PBXFileReference; lastKnownFileType = file.storyboard; name = Base; path = Base.lproj/Main.storyboard; sourceTree = "<group>"; };
		63BF5B591B4CBEE3000661F9 /* Images.xcassets */ = {isa = PBXFileReference; lastKnownFileType = folder.assetcatalog; path = Images.xcassets; sourceTree = "<group>"; };
		63BF5B5C1B4CBEE3000661F9 /* Base */ = {isa = PBXFileReference; lastKnownFileType = file.xib; name = Base; path = Base.lproj/LaunchScreen.xib; sourceTree = "<group>"; };
		63BF5B621B4CBEE3000661F9 /* UMScrollImageDemoTests.xctest */ = {isa = PBXFileReference; explicitFileType = wrapper.cfbundle; includeInIndex = 0; path = UMScrollImageDemoTests.xctest; sourceTree = BUILT_PRODUCTS_DIR; };
		63BF5B671B4CBEE3000661F9 /* Info.plist */ = {isa = PBXFileReference; lastKnownFileType = text.plist.xml; path = Info.plist; sourceTree = "<group>"; };
		63BF5B681B4CBEE3000661F9 /* UMScrollImageDemoTests.m */ = {isa = PBXFileReference; lastKnownFileType = sourcecode.c.objc; path = UMScrollImageDemoTests.m; sourceTree = "<group>"; };
/* End PBXFileReference section */

/* Begin PBXFrameworksBuildPhase section */
		63BF5B431B4CBEE3000661F9 /* Frameworks */ = {
			isa = PBXFrameworksBuildPhase;
			buildActionMask = 2147483647;
			files = (
			);
			runOnlyForDeploymentPostprocessing = 0;
		};
		63BF5B5F1B4CBEE3000661F9 /* Frameworks */ = {
			isa = PBXFrameworksBuildPhase;
			buildActionMask = 2147483647;
			files = (
			);
			runOnlyForDeploymentPostprocessing = 0;
		};
/* End PBXFrameworksBuildPhase section */

/* Begin PBXGroup section */
		63B43F1A1DC35A2C0081B544 /* image */ = {
			isa = PBXGroup;
			children = (
				63B43F1B1DC35A2C0081B544 /* 1.png */,
			);
			path = image;
			sourceTree = "<group>";
		};
		63B43F211DC35A630081B544 /* ScrollView */ = {
			isa = PBXGroup;
			children = (
				63B43F221DC35A630081B544 /* DJXScrollView.h */,
				63B43F231DC35A630081B544 /* DJXScrollView.m */,
			);
			path = ScrollView;
			sourceTree = "<group>";
		};
		63BF5B3D1B4CBEE3000661F9 = {
			isa = PBXGroup;
			children = (
				63BF5B481B4CBEE3000661F9 /* UMScrollImageDemo */,
				63BF5B651B4CBEE3000661F9 /* UMScrollImageDemoTests */,
				63BF5B471B4CBEE3000661F9 /* Products */,
			);
			sourceTree = "<group>";
		};
		63BF5B471B4CBEE3000661F9 /* Products */ = {
			isa = PBXGroup;
			children = (
				63BF5B461B4CBEE3000661F9 /* UMScrollImageDemo.app */,
				63BF5B621B4CBEE3000661F9 /* UMScrollImageDemoTests.xctest */,
			);
			name = Products;
			sourceTree = "<group>";
		};
		63BF5B481B4CBEE3000661F9 /* UMScrollImageDemo */ = {
			isa = PBXGroup;
			children = (
				63B43F211DC35A630081B544 /* ScrollView */,
				63B43F1A1DC35A2C0081B544 /* image */,
				63B43F1C1DC35A2C0081B544 /* UIImageView+DJXWebImage.h */,
				63B43F1D1DC35A2C0081B544 /* UIImageView+DJXWebImage.m */,
				63BF5B4D1B4CBEE3000661F9 /* AppDelegate.h */,
				63BF5B4E1B4CBEE3000661F9 /* AppDelegate.m */,
				63BF5B531B4CBEE3000661F9 /* ViewController.h */,
				63BF5B541B4CBEE3000661F9 /* ViewController.m */,
				63BF5B561B4CBEE3000661F9 /* Main.storyboard */,
				63BF5B591B4CBEE3000661F9 /* Images.xcassets */,
				63BF5B5B1B4CBEE3000661F9 /* LaunchScreen.xib */,
				63BF5B501B4CBEE3000661F9 /* UMScrollImageDemo.xcdatamodeld */,
				63BF5B491B4CBEE3000661F9 /* Supporting Files */,
			);
			path = UMScrollImageDemo;
			sourceTree = "<group>";
		};
		63BF5B491B4CBEE3000661F9 /* Supporting Files */ = {
			isa = PBXGroup;
			children = (
				63BF5B4A1B4CBEE3000661F9 /* Info.plist */,
				63BF5B4B1B4CBEE3000661F9 /* main.m */,
			);
			name = "Supporting Files";
			sourceTree = "<group>";
		};
		63BF5B651B4CBEE3000661F9 /* UMScrollImageDemoTests */ = {
			isa = PBXGroup;
			children = (
				63BF5B681B4CBEE3000661F9 /* UMScrollImageDemoTests.m */,
				63BF5B661B4CBEE3000661F9 /* Supporting Files */,
			);
			path = UMScrollImageDemoTests;
			sourceTree = "<group>";
		};
		63BF5B661B4CBEE3000661F9 /* Supporting Files */ = {
			isa = PBXGroup;
			children = (
				63BF5B671B4CBEE3000661F9 /* Info.plist */,
			);
			name = "Supporting Files";
			sourceTree = "<group>";
		};
/* End PBXGroup section */

/* Begin PBXNativeTarget section */
		63BF5B451B4CBEE3000661F9 /* UMScrollImageDemo */ = {
			isa = PBXNativeTarget;
			buildConfigurationList = 63BF5B6C1B4CBEE3000661F9 /* Build configuration list for PBXNativeTarget "UMScrollImageDemo" */;
			buildPhases = (
				63BF5B421B4CBEE3000661F9 /* Sources */,
				63BF5B431B4CBEE3000661F9 /* Frameworks */,
				63BF5B441B4CBEE3000661F9 /* Resources */,
			);
			buildRules = (
			);
			dependencies = (
			);
			name = UMScrollImageDemo;
			productName = UMScrollImageDemo;
			productReference = 63BF5B461B4CBEE3000661F9 /* UMScrollImageDemo.app */;
			productType = "com.apple.product-type.application";
		};
		63BF5B611B4CBEE3000661F9 /* UMScrollImageDemoTests */ = {
			isa = PBXNativeTarget;
			buildConfigurationList = 63BF5B6F1B4CBEE3000661F9 /* Build configuration list for PBXNativeTarget "UMScrollImageDemoTests" */;
			buildPhases = (
				63BF5B5E1B4CBEE3000661F9 /* Sources */,
				63BF5B5F1B4CBEE3000661F9 /* Frameworks */,
				63BF5B601B4CBEE3000661F9 /* Resources */,
			);
			buildRules = (
			);
			dependencies = (
				63BF5B641B4CBEE3000661F9 /* PBXTargetDependency */,
			);
			name = UMScrollImageDemoTests;
			productName = UMScrollImageDemoTests;
			productReference = 63BF5B621B4CBEE3000661F9 /* UMScrollImageDemoTests.xctest */;
			productType = "com.apple.product-type.bundle.unit-test";
		};
/* End PBXNativeTarget section */

/* Begin PBXProject section */
		63BF5B3E1B4CBEE3000661F9 /* Project object */ = {
			isa = PBXProject;
			attributes = {
				LastUpgradeCheck = 0630;
				ORGANIZATIONNAME = dongjianxiong;
				TargetAttributes = {
					63BF5B451B4CBEE3000661F9 = {
						CreatedOnToolsVersion = 6.3.2;
					};
					63BF5B611B4CBEE3000661F9 = {
						CreatedOnToolsVersion = 6.3.2;
						TestTargetID = 63BF5B451B4CBEE3000661F9;
					};
				};
			};
			buildConfigurationList = 63BF5B411B4CBEE3000661F9 /* Build configuration list for PBXProject "UMScrollImageDemo" */;
			compatibilityVersion = "Xcode 3.2";
			developmentRegion = English;
			hasScannedForEncodings = 0;
			knownRegions = (
				en,
				Base,
			);
			mainGroup = 63BF5B3D1B4CBEE3000661F9;
			productRefGroup = 63BF5B471B4CBEE3000661F9 /* Products */;
			projectDirPath = "";
			projectRoot = "";
			targets = (
				63BF5B451B4CBEE3000661F9 /* UMScrollImageDemo */,
				63BF5B611B4CBEE3000661F9 /* UMScrollImageDemoTests */,
			);
		};
/* End PBXProject section */

/* Begin PBXResourcesBuildPhase section */
		63BF5B441B4CBEE3000661F9 /* Resources */ = {
			isa = PBXResourcesBuildPhase;
			buildActionMask = 2147483647;
			files = (
				63BF5B581B4CBEE3000661F9 /* Main.storyboard in Resources */,
				63B43F1F1DC35A2C0081B544 /* 1.png in Resources */,
				63BF5B5D1B4CBEE3000661F9 /* LaunchScreen.xib in Resources */,
				63BF5B5A1B4CBEE3000661F9 /* Images.xcassets in Resources */,
			);
			runOnlyForDeploymentPostprocessing = 0;
		};
		63BF5B601B4CBEE3000661F9 /* Resources */ = {
			isa = PBXResourcesBuildPhase;
			buildActionMask = 2147483647;
			files = (
			);
			runOnlyForDeploymentPostprocessing = 0;
		};
/* End PBXResourcesBuildPhase section */

/* Begin PBXSourcesBuildPhase section */
		63BF5B421B4CBEE3000661F9 /* Sources */ = {
			isa = PBXSourcesBuildPhase;
			buildActionMask = 2147483647;
			files = (
				63BF5B521B4CBEE3000661F9 /* UMScrollImageDemo.xcdatamodeld in Sources */,
				63BF5B4F1B4CBEE3000661F9 /* AppDelegate.m in Sources */,
				63B43F241DC35A630081B544 /* DJXScrollView.m in Sources */,
				63BF5B551B4CBEE3000661F9 /* ViewController.m in Sources */,
				63B43F201DC35A2C0081B544 /* UIImageView+DJXWebImage.m in Sources */,
				63BF5B4C1B4CBEE3000661F9 /* main.m in Sources */,
			);
			runOnlyForDeploymentPostprocessing = 0;
		};
		63BF5B5E1B4CBEE3000661F9 /* Sources */ = {
			isa = PBXSourcesBuildPhase;
			buildActionMask = 2147483647;
			files = (
				63BF5B691B4CBEE3000661F9 /* UMScrollImageDemoTests.m in Sources */,
			);
			runOnlyForDeploymentPostprocessing = 0;
		};
/* End PBXSourcesBuildPhase section */

/* Begin PBXTargetDependency section */
		63BF5B641B4CBEE3000661F9 /* PBXTargetDependency */ = {
			isa = PBXTargetDependency;
			target = 63BF5B451B4CBEE3000661F9 /* UMScrollImageDemo */;
			targetProxy = 63BF5B631B4CBEE3000661F9 /* PBXContainerItemProxy */;
		};
/* End PBXTargetDependency section */

/* Begin PBXVariantGroup section */
		63BF5B561B4CBEE3000661F9 /* Main.storyboard */ = {
			isa = PBXVariantGroup;
			children = (
				63BF5B571B4CBEE3000661F9 /* Base */,
			);
			name = Main.storyboard;
			sourceTree = "<group>";
		};
		63BF5B5B1B4CBEE3000661F9 /* LaunchScreen.xib */ = {
			isa = PBXVariantGroup;
			children = (
				63BF5B5C1B4CBEE3000661F9 /* Base */,
			);
			name = LaunchScreen.xib;
			sourceTree = "<group>";
		};
/* End PBXVariantGroup section */

/* Begin XCBuildConfiguration section */
		63BF5B6A1B4CBEE3000661F9 /* Debug */ = {
			isa = XCBuildConfiguration;
			buildSettings = {
				ALWAYS_SEARCH_USER_PATHS = NO;
				CLANG_CXX_LANGUAGE_STANDARD = "gnu++0x";
				CLANG_CXX_LIBRARY = "libc++";
				CLANG_ENABLE_MODULES = YES;
				CLANG_ENABLE_OBJC_ARC = YES;
				CLANG_WARN_BOOL_CONVERSION = YES;
				CLANG_WARN_CONSTANT_CONVERSION = YES;
				CLANG_WARN_DIRECT_OBJC_ISA_USAGE = YES_ERROR;
				CLANG_WARN_EMPTY_BODY = YES;
				CLANG_WARN_ENUM_CONVERSION = YES;
				CLANG_WARN_INT_CONVERSION = YES;
				CLANG_WARN_OBJC_ROOT_CLASS = YES_ERROR;
				CLANG_WARN_UNREACHABLE_CODE = YES;
				CLANG_WARN__DUPLICATE_METHOD_MATCH = YES;
				"CODE_SIGN_IDENTITY[sdk=iphoneos*]" = "iPhone Developer";
				COPY_PHASE_STRIP = NO;
				DEBUG_INFORMATION_FORMAT = "dwarf-with-dsym";
				ENABLE_STRICT_OBJC_MSGSEND = YES;
				GCC_C_LANGUAGE_STANDARD = gnu99;
				GCC_DYNAMIC_NO_PIC = NO;
				GCC_NO_COMMON_BLOCKS = YES;
				GCC_OPTIMIZATION_LEVEL = 0;
				GCC_PREPROCESSOR_DEFINITIONS = (
					"DEBUG=1",
					"$(inherited)",
				);
				GCC_SYMBOLS_PRIVATE_EXTERN = NO;
				GCC_WARN_64_TO_32_BIT_CONVERSION = YES;
				GCC_WARN_ABOUT_RETURN_TYPE = YES_ERROR;
				GCC_WARN_UNDECLARED_SELECTOR = YES;
				GCC_WARN_UNINITIALIZED_AUTOS = YES_AGGRESSIVE;
				GCC_WARN_UNUSED_FUNCTION = YES;
				GCC_WARN_UNUSED_VARIABLE = YES;
				IPHONEOS_DEPLOYMENT_TARGET = 8.3;
				MTL_ENABLE_DEBUG_INFO = YES;
				ONLY_ACTIVE_ARCH = YES;
				SDKROOT = iphoneos;
				TARGETED_DEVICE_FAMILY = "1,2";
			};
			name = Debug;
		};
		63BF5B6B1B4CBEE3000661F9 /* Release */ = {
			isa = XCBuildConfiguration;
			buildSettings = {
				ALWAYS_SEARCH_USER_PATHS = NO;
				CLANG_CXX_LANGUAGE_STANDARD = "gnu++0x";
				CLANG_CXX_LIBRARY = "libc++";
				CLANG_ENABLE_MODULES = YES;
				CLANG_ENABLE_OBJC_ARC = YES;
				CLANG_WARN_BOOL_CONVERSION = YES;
				CLANG_WARN_CONSTANT_CONVERSION = YES;
				CLANG_WARN_DIRECT_OBJC_ISA_USAGE = YES_ERROR;
				CLANG_WARN_EMPTY_BODY = YES;
				CLANG_WARN_ENUM_CONVERSION = YES;
				CLANG_WARN_INT_CONVERSION = YES;
				CLANG_WARN_OBJC_ROOT_CLASS = YES_ERROR;
				CLANG_WARN_UNREACHABLE_CODE = YES;
				CLANG_WARN__DUPLICATE_METHOD_MATCH = YES;
				"CODE_SIGN_IDENTITY[sdk=iphoneos*]" = "iPhone Developer";
				COPY_PHASE_STRIP = NO;
				DEBUG_INFORMATION_FORMAT = "dwarf-with-dsym";
				ENABLE_NS_ASSERTIONS = NO;
				ENABLE_STRICT_OBJC_MSGSEND = YES;
				GCC_C_LANGUAGE_STANDARD = gnu99;
				GCC_NO_COMMON_BLOCKS = YES;
				GCC_WARN_64_TO_32_BIT_CONVERSION = YES;
				GCC_WARN_ABOUT_RETURN_TYPE = YES_ERROR;
				GCC_WARN_UNDECLARED_SELECTOR = YES;
				GCC_WARN_UNINITIALIZED_AUTOS = YES_AGGRESSIVE;
				GCC_WARN_UNUSED_FUNCTION = YES;
				GCC_WARN_UNUSED_VARIABLE = YES;
				IPHONEOS_DEPLOYMENT_TARGET = 8.3;
				MTL_ENABLE_DEBUG_INFO = NO;
				SDKROOT = iphoneos;
				TARGETED_DEVICE_FAMILY = "1,2";
				VALIDATE_PRODUCT = YES;
			};
			name = Release;
		};
		63BF5B6D1B4CBEE3000661F9 /* Debug */ = {
			isa = XCBuildConfiguration;
			buildSettings = {
				ASSETCATALOG_COMPILER_APPICON_NAME = AppIcon;
				INFOPLIST_FILE = UMScrollImageDemo/Info.plist;
				IPHONEOS_DEPLOYMENT_TARGET = 6.0;
				LD_RUNPATH_SEARCH_PATHS = "$(inherited) @executable_path/Frameworks";
				PRODUCT_NAME = "$(TARGET_NAME)";
			};
			name = Debug;
		};
		63BF5B6E1B4CBEE3000661F9 /* Release */ = {
			isa = XCBuildConfiguration;
			buildSettings = {
				ASSETCATALOG_COMPILER_APPICON_NAME = AppIcon;
				INFOPLIST_FILE = UMScrollImageDemo/Info.plist;
				IPHONEOS_DEPLOYMENT_TARGET = 6.0;
				LD_RUNPATH_SEARCH_PATHS = "$(inherited) @executable_path/Frameworks";
				PRODUCT_NAME = "$(TARGET_NAME)";
			};
			name = Release;
		};
		63BF5B701B4CBEE3000661F9 /* Debug */ = {
			isa = XCBuildConfiguration;
			buildSettings = {
				BUNDLE_LOADER = "$(TEST_HOST)";
				FRAMEWORK_SEARCH_PATHS = (
					"$(SDKROOT)/Developer/Library/Frameworks",
					"$(inherited)",
				);
				GCC_PREPROCESSOR_DEFINITIONS = (
					"DEBUG=1",
					"$(inherited)",
				);
				INFOPLIST_FILE = UMScrollImageDemoTests/Info.plist;
				LD_RUNPATH_SEARCH_PATHS = "$(inherited) @executable_path/Frameworks @loader_path/Frameworks";
				PRODUCT_NAME = "$(TARGET_NAME)";
				TEST_HOST = "$(BUILT_PRODUCTS_DIR)/UMScrollImageDemo.app/UMScrollImageDemo";
			};
			name = Debug;
		};
		63BF5B711B4CBEE3000661F9 /* Release */ = {
			isa = XCBuildConfiguration;
			buildSettings = {
				BUNDLE_LOADER = "$(TEST_HOST)";
				FRAMEWORK_SEARCH_PATHS = (
					"$(SDKROOT)/Developer/Library/Frameworks",
					"$(inherited)",
				);
				INFOPLIST_FILE = UMScrollImageDemoTests/Info.plist;
				LD_RUNPATH_SEARCH_PATHS = "$(inherited) @executable_path/Frameworks @loader_path/Frameworks";
				PRODUCT_NAME = "$(TARGET_NAME)";
				TEST_HOST = "$(BUILT_PRODUCTS_DIR)/UMScrollImageDemo.app/UMScrollImageDemo";
			};
			name = Release;
		};
/* End XCBuildConfiguration section */

/* Begin XCConfigurationList section */
		63BF5B411B4CBEE3000661F9 /* Build configuration list for PBXProject "UMScrollImageDemo" */ = {
			isa = XCConfigurationList;
			buildConfigurations = (
				63BF5B6A1B4CBEE3000661F9 /* Debug */,
				63BF5B6B1B4CBEE3000661F9 /* Release */,
			);
			defaultConfigurationIsVisible = 0;
			defaultConfigurationName = Release;
		};
		63BF5B6C1B4CBEE3000661F9 /* Build configuration list for PBXNativeTarget "UMScrollImageDemo" */ = {
			isa = XCConfigurationList;
			buildConfigurations = (
				63BF5B6D1B4CBEE3000661F9 /* Debug */,
				63BF5B6E1B4CBEE3000661F9 /* Release */,
			);
			defaultConfigurationIsVisible = 0;
			defaultConfigurationName = Release;
		};
		63BF5B6F1B4CBEE3000661F9 /* Build configuration list for PBXNativeTarget "UMScrollImageDemoTests" */ = {
			isa = XCConfigurationList;
			buildConfigurations = (
				63BF5B701B4CBEE3000661F9 /* Debug */,
				63BF5B711B4CBEE3000661F9 /* Release */,
			);
			defaultConfigurationIsVisible = 0;
			defaultConfigurationName = Release;
		};
/* End XCConfigurationList section */

/* Begin XCVersionGroup section */
		63BF5B501B4CBEE3000661F9 /* UMScrollImageDemo.xcdatamodeld */ = {
			isa = XCVersionGroup;
			children = (
				63BF5B511B4CBEE3000661F9 /* UMScrollImageDemo.xcdatamodel */,
			);
			currentVersion = 63BF5B511B4CBEE3000661F9 /* UMScrollImageDemo.xcdatamodel */;
			path = UMScrollImageDemo.xcdatamodeld;
			sourceTree = "<group>";
			versionGroupType = wrapper.xcdatamodel;
		};
/* End XCVersionGroup section */
	};
	rootObject = 63BF5B3E1B4CBEE3000661F9 /* Project object */;
}
